
Microsoft Visual Studio Solution File, Format Version 12.00
# Visual Studio Version 17
VisualStudioVersion = 17.13.35913.81 d17.13
MinimumVisualStudioVersion = 10.0.40219.1
Project("{888888A0-9F3D-457C-B088-3A5042F75D52}") = "Remove Duplicates from a List", "Remove Duplicates from a List.pyproj", "{5F8C9407-D1F5-44C6-887F-FCD8F093A683}"
EndProject
Global
	GlobalSection(SolutionConfigurationPlatforms) = preSolution
		Debug|Any CPU = Debug|Any CPU
		Release|Any CPU = Release|Any CPU
	EndGlobalSection
	GlobalSection(ProjectConfigurationPlatforms) = postSolution
		{5F8C9407-D1F5-44C6-887F-FCD8F093A683}.Debug|Any CPU.ActiveCfg = Debug|Any CPU
		{5F8C9407-D1F5-44C6-887F-FCD8F093A683}.Release|Any CPU.ActiveCfg = Release|Any CPU
	EndGlobalSection
	GlobalSection(SolutionProperties) = preSolution
		HideSolutionNode = FALSE
	EndGlobalSection
	GlobalSection(ExtensibilityGlobals) = postSolution
		SolutionGuid = {24DD6983-27F2-4F76-A02B-32C932D3E0BF}
	EndGlobalSection
EndGlobal
